{
  "name": "contracts",
  "version": "1.0.0",
  "lockfileVersion": 3,
  "requires": true,
  "packages": {
    "": {
      "name": "contracts",
      "version": "1.0.0",
      "license": "ISC",
      "dependencies": {
        "@pythnetwork/entropy-sdk-solidity": "^2.2.1"
      }
    },
    "node_modules/@pythnetwork/entropy-sdk-solidity": {
      "version": "2.2.1",
      "resolved": "https://registry.npmmirror.com/@pythnetwork/entropy-sdk-solidity/-/entropy-sdk-solidity-2.2.1.tgz",
      "integrity": "sha512-vwP7uJby591PWl78nA/lFkAsy9vSNV4DdvcqHxkAZEHhcAobVqErAMFSqp6HRO/epe07WKCorT+7favHh4sCjQ==",
      "license": "Apache-2.0",
      "engines": {
        "node": ">=22.14.0"
      }
    }
  }
}
